# This file is generated by running "yarn install" inside your project.
# Manual changes might be lost - proceed with caution!

__metadata:
  version: 4
  cacheKey: 8

"@derhuerst/http-basic@npm:^8.2.0":
  version: 8.2.1
  resolution: "@derhuerst/http-basic@npm:8.2.1"
  dependencies:
    caseless: ^0.12.0
    concat-stream: ^1.6.2
    http-response-object: ^3.0.1
    parse-cache-control: ^1.0.1
  checksum: 35add0f13f0a549682b170139ab44648d39133f21c532305010836403fe3958e7c6138b524de158f0625b742334b7d17d52f8e4e3b7ae63626d0dc017e806e57
  languageName: node
  linkType: hard

"@types/node@npm:^10.0.3":
  version: 10.17.60
  resolution: "@types/node@npm:10.17.60"
  checksum: 2cdb3a77d071ba8513e5e8306fa64bf50e3c3302390feeaeff1fd325dd25c8441369715dfc8e3701011a72fed5958c7dfa94eb9239a81b3c286caa4d97db6eef
  languageName: node
  linkType: hard

"agent-base@npm:6":
  version: 6.0.2
  resolution: "agent-base@npm:6.0.2"
  dependencies:
    debug: 4
  checksum: f52b6872cc96fd5f622071b71ef200e01c7c4c454ee68bc9accca90c98cfb39f2810e3e9aa330435835eedc8c23f4f8a15267f67c6e245d2b33757575bdac49d
  languageName: node
  linkType: hard

"buffer-from@npm:^1.0.0":
  version: 1.1.2
  resolution: "buffer-from@npm:1.1.2"
  checksum: 0448524a562b37d4d7ed9efd91685a5b77a50672c556ea254ac9a6d30e3403a517d8981f10e565db24e8339413b43c97ca2951f10e399c6125a0d8911f5679bb
  languageName: node
  linkType: hard

"caseless@npm:^0.12.0":
  version: 0.12.0
  resolution: "caseless@npm:0.12.0"
  checksum: b43bd4c440aa1e8ee6baefee8063b4850fd0d7b378f6aabc796c9ec8cb26d27fb30b46885350777d9bd079c5256c0e1329ad0dc7c2817e0bb466810ebb353751
  languageName: node
  linkType: hard

"concat-stream@npm:^1.6.2":
  version: 1.6.2
  resolution: "concat-stream@npm:1.6.2"
  dependencies:
    buffer-from: ^1.0.0
    inherits: ^2.0.3
    readable-stream: ^2.2.2
    typedarray: ^0.0.6
  checksum: 1ef77032cb4459dcd5187bd710d6fc962b067b64ec6a505810de3d2b8cc0605638551b42f8ec91edf6fcd26141b32ef19ad749239b58fae3aba99187adc32285
  languageName: node
  linkType: hard

"core-util-is@npm:~1.0.0":
  version: 1.0.2
  resolution: "core-util-is@npm:1.0.2"
  checksum: 7a4c925b497a2c91421e25bf76d6d8190f0b2359a9200dbeed136e63b2931d6294d3b1893eda378883ed363cd950f44a12a401384c609839ea616befb7927dab
  languageName: node
  linkType: hard

"debug@npm:4":
  version: 4.3.2
  resolution: "debug@npm:4.3.2"
  dependencies:
    ms: 2.1.2
  peerDependenciesMeta:
    supports-color:
      optional: true
  checksum: 820ea160e267e23c953c9ed87e7ad93494d8cda2f7349af5e7e3bb236d23707ee3022f477d5a7d2ee86ef2bf7d60aa9ab22d1f58080d7deb9dccd073585e1e43
  languageName: node
  linkType: hard

"discord-radio-bot@workspace:.":
  version: 0.0.0-use.local
  resolution: "discord-radio-bot@workspace:."
  dependencies:
    eris: ^0.15.1
    ffmpeg-inject: ^1.0.0
    icecast-parser: ^4.0.2
  languageName: unknown
  linkType: soft

"env-paths@npm:^2.2.0":
  version: 2.2.1
  resolution: "env-paths@npm:2.2.1"
  checksum: 65b5df55a8bab92229ab2b40dad3b387fad24613263d103a97f91c9fe43ceb21965cd3392b1ccb5d77088021e525c4e0481adb309625d0cb94ade1d1fb8dc17e
  languageName: node
  linkType: hard

"eris@npm:^0.15.1":
  version: 0.15.1
  resolution: "eris@npm:0.15.1"
  dependencies:
    opusscript: ^0.0.8
    tweetnacl: ^1.0.1
    ws: ^7.2.1
  dependenciesMeta:
    opusscript:
      optional: true
    tweetnacl:
      optional: true
  checksum: d2e1d6aec450a9faa7c4d1173c0db0f5fcd7be2e2b00d1a56d105aed054b3461e6490348bddcb139a9e55f8c24fd562722aa9e146071d778128691a7b713967b
  languageName: node
  linkType: hard

"ffmpeg-inject@npm:^1.0.0":
  version: 1.0.0
  resolution: "ffmpeg-inject@npm:1.0.0"
  dependencies:
    ffmpeg-static: ^4.4.0
  checksum: 616b56f2e009fe44dabedc63264eb8a5a63de224a9d674a3af7138100731815b2cdbc7cf08bdcfbaee4de9f8e1ab68b6d1a9928a56cf94b889c602ee8f6b9663
  languageName: node
  linkType: hard

"ffmpeg-static@npm:^4.4.0":
  version: 4.4.0
  resolution: "ffmpeg-static@npm:4.4.0"
  dependencies:
    "@derhuerst/http-basic": ^8.2.0
    env-paths: ^2.2.0
    https-proxy-agent: ^5.0.0
    progress: ^2.0.3
  checksum: 1c7106d386ddc3b364991f76046418f4bde44f5fcef27d4d5651bfebd766c848e7773c3924476eeacbb27fa7980635226cf8983867897551aed619e3e26a8350
  languageName: node
  linkType: hard

"http-response-object@npm:^3.0.1":
  version: 3.0.2
  resolution: "http-response-object@npm:3.0.2"
  dependencies:
    "@types/node": ^10.0.3
  checksum: 6cbdcb4ce7b27c9158a131b772c903ed54add2ba831e29cc165e91c3969fa6f8105ddf924aac5b954b534ad15a1ae697b693331b2be5281ee24d79aae20c3264
  languageName: node
  linkType: hard

"https-proxy-agent@npm:^5.0.0":
  version: 5.0.0
  resolution: "https-proxy-agent@npm:5.0.0"
  dependencies:
    agent-base: 6
    debug: 4
  checksum: 165bfb090bd26d47693597661298006841ab733d0c7383a8cb2f17373387a94c903a3ac687090aa739de05e379ab6f868bae84ab4eac288ad85c328cd1ec9e53
  languageName: node
  linkType: hard

"icecast-parser@npm:^4.0.2":
  version: 4.0.2
  resolution: "icecast-parser@npm:4.0.2"
  checksum: de034aa6da13a56dec459537634293c62285172d2a31acb8d8efcb856704e34dabcd90021d60be4cef5e7c5351aa4013d41bb9cb101965da1914666f066b7552
  languageName: node
  linkType: hard

"inherits@npm:^2.0.3, inherits@npm:~2.0.3":
  version: 2.0.4
  resolution: "inherits@npm:2.0.4"
  checksum: 4a48a733847879d6cf6691860a6b1e3f0f4754176e4d71494c41f3475553768b10f84b5ce1d40fbd0e34e6bfbb864ee35858ad4dd2cf31e02fc4a154b724d7f1
  languageName: node
  linkType: hard

"isarray@npm:~1.0.0":
  version: 1.0.0
  resolution: "isarray@npm:1.0.0"
  checksum: f032df8e02dce8ec565cf2eb605ea939bdccea528dbcf565cdf92bfa2da9110461159d86a537388ef1acef8815a330642d7885b29010e8f7eac967c9993b65ab
  languageName: node
  linkType: hard

"ms@npm:2.1.2":
  version: 2.1.2
  resolution: "ms@npm:2.1.2"
  checksum: 673cdb2c3133eb050c745908d8ce632ed2c02d85640e2edb3ace856a2266a813b30c613569bf3354fdf4ea7d1a1494add3bfa95e2713baa27d0c2c71fc44f58f
  languageName: node
  linkType: hard

"opusscript@npm:^0.0.8":
  version: 0.0.8
  resolution: "opusscript@npm:0.0.8"
  checksum: 0c3175a4013f5bd4578ae06f906573717ab5570d6013a15796273fb375f083530073374add3838fa944afbe242740fd27053629f7796a208d7e8be14674ba147
  languageName: node
  linkType: hard

"parse-cache-control@npm:^1.0.1":
  version: 1.0.1
  resolution: "parse-cache-control@npm:1.0.1"
  checksum: 5a70868792124eb07c2dd07a78fcb824102e972e908254e9e59ce59a4796c51705ff28196d2b20d3b7353d14e9f98e65ed0e4eda9be072cc99b5297dc0466fee
  languageName: node
  linkType: hard

"process-nextick-args@npm:~2.0.0":
  version: 2.0.1
  resolution: "process-nextick-args@npm:2.0.1"
  checksum: 1d38588e520dab7cea67cbbe2efdd86a10cc7a074c09657635e34f035277b59fbb57d09d8638346bf7090f8e8ebc070c96fa5fd183b777fff4f5edff5e9466cf
  languageName: node
  linkType: hard

"progress@npm:^2.0.3":
  version: 2.0.3
  resolution: "progress@npm:2.0.3"
  checksum: f67403fe7b34912148d9252cb7481266a354bd99ce82c835f79070643bb3c6583d10dbcfda4d41e04bbc1d8437e9af0fb1e1f2135727878f5308682a579429b7
  languageName: node
  linkType: hard

"readable-stream@npm:^2.2.2":
  version: 2.3.7
  resolution: "readable-stream@npm:2.3.7"
  dependencies:
    core-util-is: ~1.0.0
    inherits: ~2.0.3
    isarray: ~1.0.0
    process-nextick-args: ~2.0.0
    safe-buffer: ~5.1.1
    string_decoder: ~1.1.1
    util-deprecate: ~1.0.1
  checksum: e4920cf7549a60f8aaf694d483a0e61b2a878b969d224f89b3bc788b8d920075132c4b55a7494ee944c7b6a9a0eada28a7f6220d80b0312ece70bbf08eeca755
  languageName: node
  linkType: hard

"safe-buffer@npm:~5.1.0, safe-buffer@npm:~5.1.1":
  version: 5.1.2
  resolution: "safe-buffer@npm:5.1.2"
  checksum: f2f1f7943ca44a594893a852894055cf619c1fbcb611237fc39e461ae751187e7baf4dc391a72125e0ac4fb2d8c5c0b3c71529622e6a58f46b960211e704903c
  languageName: node
  linkType: hard

"string_decoder@npm:~1.1.1":
  version: 1.1.1
  resolution: "string_decoder@npm:1.1.1"
  dependencies:
    safe-buffer: ~5.1.0
  checksum: 9ab7e56f9d60a28f2be697419917c50cac19f3e8e6c28ef26ed5f4852289fe0de5d6997d29becf59028556f2c62983790c1d9ba1e2a3cc401768ca12d5183a5b
  languageName: node
  linkType: hard

"tweetnacl@npm:^1.0.1":
  version: 1.0.3
  resolution: "tweetnacl@npm:1.0.3"
  checksum: e4a57cac188f0c53f24c7a33279e223618a2bfb5fea426231991652a13247bea06b081fd745d71291fcae0f4428d29beba1b984b1f1ce6f66b06a6d1ab90645c
  languageName: node
  linkType: hard

"typedarray@npm:^0.0.6":
  version: 0.0.6
  resolution: "typedarray@npm:0.0.6"
  checksum: 33b39f3d0e8463985eeaeeacc3cb2e28bc3dfaf2a5ed219628c0b629d5d7b810b0eb2165f9f607c34871d5daa92ba1dc69f49051cf7d578b4cbd26c340b9d1b1
  languageName: node
  linkType: hard

"util-deprecate@npm:~1.0.1":
  version: 1.0.2
  resolution: "util-deprecate@npm:1.0.2"
  checksum: 474acf1146cb2701fe3b074892217553dfcf9a031280919ba1b8d651a068c9b15d863b7303cb15bd00a862b498e6cf4ad7b4a08fb134edd5a6f7641681cb54a2
  languageName: node
  linkType: hard

"ws@npm:^7.2.1":
  version: 7.5.3
  resolution: "ws@npm:7.5.3"
  peerDependencies:
    bufferutil: ^4.0.1
    utf-8-validate: ^5.0.2
  peerDependenciesMeta:
    bufferutil:
      optional: true
    utf-8-validate:
      optional: true
  checksum: 423dc0d859fa74020f5555140905b862470a60ea1567bb9ad55a087263d7718b9c94f69678be1cee9868925c570f1e6fc79d09f90c39057bc63fa2edbb2c547b
  languageName: node
  linkType: hard
